
Microsoft Visual Studio Solution File, Format Version 12.00
# Visual Studio Version 16
VisualStudioVersion = 16.0.28803.202
MinimumVisualStudioVersion = 10.0.40219.1
Project("{FAE04EC0-301F-11D3-BF4B-00C04F79EFBC}") = "SimuladorDeAeroporto", "SimuladorDeAeroporto\SimuladorDeAeroporto.csproj", "{C28413D2-6620-4B8E-8EF9-A269529DF390}"
EndProject
Global
	GlobalSection(SolutionConfigurationPlatforms) = preSolution
		Debug|Any CPU = Debug|Any CPU
		Release|Any CPU = Release|Any CPU
	EndGlobalSection
	GlobalSection(ProjectConfigurationPlatforms) = postSolution
		{C28413D2-6620-4B8E-8EF9-A269529DF390}.Debug|Any CPU.ActiveCfg = Debug|Any CPU
		{C28413D2-6620-4B8E-8EF9-A269529DF390}.Debug|Any CPU.Build.0 = Debug|Any CPU
		{C28413D2-6620-4B8E-8EF9-A269529DF390}.Release|Any CPU.ActiveCfg = Release|Any CPU
		{C28413D2-6620-4B8E-8EF9-A269529DF390}.Release|Any CPU.Build.0 = Release|Any CPU
	EndGlobalSection
	GlobalSection(SolutionProperties) = preSolution
		HideSolutionNode = FALSE
	EndGlobalSection
	GlobalSection(ExtensibilityGlobals) = postSolution
		SolutionGuid = {F8689D4C-9E16-4D70-9B2E-D7F18D89B3A2}
	EndGlobalSection
EndGlobal
